
Microsoft Visual Studio Solution File, Format Version 12.00
# Visual Studio Version 16
VisualStudioVersion = 16.0.29709.97
MinimumVisualStudioVersion = 10.0.40219.1
Project("{FAE04EC0-301F-11D3-BF4B-00C04F79EFBC}") = "Introduction", "Introduction\Introduction.csproj", "{4F60DC2A-C851-4B82-B8AA-35065B042807}"
EndProject
Project("{FAE04EC0-301F-11D3-BF4B-00C04F79EFBC}") = "Features", "Features\Features.csproj", "{A71EF584-69D0-4A62-A72B-0B7CCB8B62F1}"
EndProject
Global
	GlobalSection(SolutionConfigurationPlatforms) = preSolution
		Debug|Any CPU = Debug|Any CPU
		Release|Any CPU = Release|Any CPU
	EndGlobalSection
	GlobalSection(ProjectConfigurationPlatforms) = postSolution
		{4F60DC2A-C851-4B82-B8AA-35065B042807}.Debug|Any CPU.ActiveCfg = Debug|Any CPU
		{4F60DC2A-C851-4B82-B8AA-35065B042807}.Debug|Any CPU.Build.0 = Debug|Any CPU
		{4F60DC2A-C851-4B82-B8AA-35065B042807}.Release|Any CPU.ActiveCfg = Release|Any CPU
		{4F60DC2A-C851-4B82-B8AA-35065B042807}.Release|Any CPU.Build.0 = Release|Any CPU
		{A71EF584-69D0-4A62-A72B-0B7CCB8B62F1}.Debug|Any CPU.ActiveCfg = Debug|Any CPU
		{A71EF584-69D0-4A62-A72B-0B7CCB8B62F1}.Debug|Any CPU.Build.0 = Debug|Any CPU
		{A71EF584-69D0-4A62-A72B-0B7CCB8B62F1}.Release|Any CPU.ActiveCfg = Release|Any CPU
		{A71EF584-69D0-4A62-A72B-0B7CCB8B62F1}.Release|Any CPU.Build.0 = Release|Any CPU
	EndGlobalSection
	GlobalSection(SolutionProperties) = preSolution
		HideSolutionNode = FALSE
	EndGlobalSection
	GlobalSection(ExtensibilityGlobals) = postSolution
		SolutionGuid = {F22801BA-D9DC-4BF5-8C22-77BFC93EDBD5}
	EndGlobalSection
EndGlobal
